
Microsoft Visual Studio Solution File, Format Version 12.00
# Visual Studio Version 17
VisualStudioVersion = 17.8.34408.163
MinimumVisualStudioVersion = 10.0.40219.1
Project("{FAE04EC0-301F-11D3-BF4B-00C04F79EFBC}") = "WpfGroupProjectFinal", "WpfGroupProjectFinal.csproj", "{AE21A8BF-81FE-4B7E-858C-6136FA5F0F29}"
EndProject
Global
	GlobalSection(SolutionConfigurationPlatforms) = preSolution
		Debug|Any CPU = Debug|Any CPU
		Release|Any CPU = Release|Any CPU
	EndGlobalSection
	GlobalSection(ProjectConfigurationPlatforms) = postSolution
		{AE21A8BF-81FE-4B7E-858C-6136FA5F0F29}.Debug|Any CPU.ActiveCfg = Debug|Any CPU
		{AE21A8BF-81FE-4B7E-858C-6136FA5F0F29}.Debug|Any CPU.Build.0 = Debug|Any CPU
		{AE21A8BF-81FE-4B7E-858C-6136FA5F0F29}.Release|Any CPU.ActiveCfg = Release|Any CPU
		{AE21A8BF-81FE-4B7E-858C-6136FA5F0F29}.Release|Any CPU.Build.0 = Release|Any CPU
	EndGlobalSection
	GlobalSection(SolutionProperties) = preSolution
		HideSolutionNode = FALSE
	EndGlobalSection
	GlobalSection(ExtensibilityGlobals) = postSolution
		SolutionGuid = {93B649BA-33A7-470C-A441-AA2DCB1B036D}
	EndGlobalSection
EndGlobal
